
Microsoft Visual Studio Solution File, Format Version 12.00
# Visual Studio Version 17
VisualStudioVersion = 17.13.35825.156 d17.13
MinimumVisualStudioVersion = 10.0.40219.1
Project("{888888A0-9F3D-457C-B088-3A5042F75D52}") = "MovieReviewAnalysis", "MovieReviewAnalysis\MovieReviewAnalysis.pyproj", "{7A3D54FF-740C-4250-9E2F-2203F6B3E5A0}"
EndProject
Global
	GlobalSection(SolutionConfigurationPlatforms) = preSolution
		Debug|Any CPU = Debug|Any CPU
		Release|Any CPU = Release|Any CPU
	EndGlobalSection
	GlobalSection(ProjectConfigurationPlatforms) = postSolution
		{7A3D54FF-740C-4250-9E2F-2203F6B3E5A0}.Debug|Any CPU.ActiveCfg = Debug|Any CPU
		{7A3D54FF-740C-4250-9E2F-2203F6B3E5A0}.Release|Any CPU.ActiveCfg = Release|Any CPU
	EndGlobalSection
	GlobalSection(SolutionProperties) = preSolution
		HideSolutionNode = FALSE
	EndGlobalSection
	GlobalSection(ExtensibilityGlobals) = postSolution
		SolutionGuid = {45831FFE-6448-4C28-A7DF-308D14026192}
	EndGlobalSection
EndGlobal
